<?xml version="1.0" encoding="utf-8"?>
<Project ToolsVersion="4.0" xmlns="http://schemas.microsoft.com/developer/msbuild/2003">
  <ItemGroup>
    <FxCompile Include="AfWorldTexVS.hlsl">
      <Filter>hlsl</Filter>
    </FxCompile>
    <FxCompile Include="PositionVS.hlsl">
      <Filter>hlsl</Filter>
    </FxCompile>
    <FxCompile Include="WorldColTexPS_C.hlsl">
      <Filter>hlsl</Filter>
    </FxCompile>
    <FxCompile Include="WorldColTexVS.hlsl">
      <Filter>hlsl</Filter>
    </FxCompile>
    <FxCompile Include="WorldTexVS.hlsl">
      <Filter>hlsl</Filter>
    </FxCompile>
    <FxCompile Include="WorldVS.hlsl">
      <Filter>hlsl</Filter>
    </FxCompile>
    <FxCompile Include="TexturePS_C.hlsl">
      <Filter>hlsl</Filter>
    </FxCompile>
    <FxCompile Include="TexturePS.hlsl">
      <Filter>hlsl</Filter>
    </FxCompile>
    <FxCompile Include="WorldColTexPS.hlsl">
      <Filter>hlsl</Filter>
    </FxCompile>
    <FxCompile Include="TextureVS.hlsl">
      <Filter>hlsl</Filter>
    </FxCompile>
    <FxCompile Include="DepthPS.hlsl">
      <Filter>hlsl\深度バッファリング用</Filter>
    </FxCompile>
    <FxCompile Include="DepthVS.hlsl">
      <Filter>hlsl\深度バッファリング用</Filter>
    </FxCompile>
    <FxCompile Include="EasyPS.hlsl">
      <Filter>hlsl\単純表示</Filter>
    </FxCompile>
    <FxCompile Include="EasyVS.hlsl">
      <Filter>hlsl\単純表示</Filter>
    </FxCompile>
    <FxCompile Include="NormalPS.hlsl">
      <Filter>hlsl\反射あり表示</Filter>
    </FxCompile>
    <FxCompile Include="NormalTexPS.hlsl">
      <Filter>hlsl\反射あり表示</Filter>
    </FxCompile>
    <FxCompile Include="NormalWorldTexVS.hlsl">
      <Filter>hlsl\反射あり表示</Filter>
    </FxCompile>
    <FxCompile Include="NormalWorldVS.hlsl">
      <Filter>hlsl\反射あり表示</Filter>
    </FxCompile>
    <FxCompile Include="ShadowMapPS.hlsl">
      <Filter>hlsl\シャドーマップ表示</Filter>
    </FxCompile>
    <FxCompile Include="ShadowMapVS.hlsl">
      <Filter>hlsl\シャドーマップ表示</Filter>
    </FxCompile>
    <FxCompile Include="SpriteColGS.hlsl">
      <Filter>hlsl\スプライト描画</Filter>
    </FxCompile>
    <FxCompile Include="SpriteVS.hlsl">
      <Filter>hlsl\スプライト描画</Filter>
    </FxCompile>
    <FxCompile Include="SpriteGS.hlsl">
      <Filter>hlsl\スプライト描画</Filter>
    </FxCompile>
    <FxCompile Include="SpriteColVS.hlsl">
      <Filter>hlsl\スプライト描画</Filter>
    </FxCompile>
  </ItemGroup>
  <ItemGroup>
    <ClCompile Include="dllmain.cpp">
      <Filter>ソース</Filter>
    </ClCompile>
    <ClCompile Include="stdafx.cpp">
      <Filter>ソース</Filter>
    </ClCompile>
    <ClCompile Include="acex_draw_dx12.cpp">
      <Filter>ソース</Filter>
    </ClCompile>
  </ItemGroup>
  <ItemGroup>
    <ClInclude Include="resource.h">
      <Filter>ヘッダー</Filter>
    </ClInclude>
    <ClInclude Include="stdafx.h">
      <Filter>ヘッダー</Filter>
    </ClInclude>
    <ClInclude Include="targetver.h">
      <Filter>ヘッダー</Filter>
    </ClInclude>
    <ClInclude Include="acex_draw_dx12.h">
      <Filter>ヘッダー</Filter>
    </ClInclude>
  </ItemGroup>
  <ItemGroup>
    <Filter Include="hlsl">
      <UniqueIdentifier>{70b160bf-d939-43c8-8ccc-69a5887deeeb}</UniqueIdentifier>
    </Filter>
    <Filter Include="ヘッダー">
      <UniqueIdentifier>{be3533a6-a05c-4f6b-9600-269b8f70e9c0}</UniqueIdentifier>
    </Filter>
    <Filter Include="ソース">
      <UniqueIdentifier>{3c43d9cf-2f90-43bb-85bb-1b213110740e}</UniqueIdentifier>
    </Filter>
    <Filter Include="hlsl\深度バッファリング用">
      <UniqueIdentifier>{14dd1e95-0347-4906-a639-0d7d85ca57ae}</UniqueIdentifier>
    </Filter>
    <Filter Include="hlsl\単純表示">
      <UniqueIdentifier>{f31aa9b8-a682-44b2-9a95-b1a61bd807af}</UniqueIdentifier>
    </Filter>
    <Filter Include="hlsl\反射あり表示">
      <UniqueIdentifier>{be86a478-b82a-4350-910f-326bcf2b4a1c}</UniqueIdentifier>
    </Filter>
    <Filter Include="hlsl\シャドーマップ表示">
      <UniqueIdentifier>{57190a43-db49-4fc8-9be3-024df1145b29}</UniqueIdentifier>
    </Filter>
    <Filter Include="hlsl\スプライト描画">
      <UniqueIdentifier>{f51faf83-ab1a-411e-bb12-3d1b82e6eba1}</UniqueIdentifier>
    </Filter>
  </ItemGroup>
</Project>