<?xml version="1.0" encoding="utf-8"?>
<Project ToolsVersion="4.0" xmlns="http://schemas.microsoft.com/developer/msbuild/2003">
  <ItemGroup>
    <ClCompile Include="acex_draw.cpp">
      <Filter>ソース ファイル</Filter>
    </ClCompile>
    <ClCompile Include="dllmain.cpp">
      <Filter>ソース ファイル</Filter>
    </ClCompile>
    <ClCompile Include="stdafx.cpp">
      <Filter>ソース ファイル</Filter>
    </ClCompile>
  </ItemGroup>
  <ItemGroup>
    <ClInclude Include="stdafx.h" />
    <ClInclude Include="targetver.h" />
    <ClInclude Include="include\acex_draw.h">
      <Filter>ヘッダー ファイル</Filter>
    </ClInclude>
    <ClInclude Include="include\acex_draw_def.h">
      <Filter>ヘッダー ファイル</Filter>
    </ClInclude>
    <ClInclude Include="resource.h" />
    <ClInclude Include="resource1.h" />
  </ItemGroup>
  <ItemGroup>
    <Filter Include="ソース ファイル">
      <UniqueIdentifier>{111ef4eb-5df2-47d1-93f8-2b021ea488f4}</UniqueIdentifier>
    </Filter>
    <Filter Include="ヘッダー ファイル">
      <UniqueIdentifier>{25561663-57a6-4812-a46a-74ff88c04d15}</UniqueIdentifier>
    </Filter>
  </ItemGroup>
  <ItemGroup>
    <ResourceCompile Include="Resource.rc" />
  </ItemGroup>
</Project>